
Microsoft Visual Studio Solution File, Format Version 12.00
# Visual Studio Version 17
VisualStudioVersion = 17.14.37411.7 d17.14
MinimumVisualStudioVersion = 10.0.40219.1
Project("{FAE04EC0-301F-11D3-BF4B-00C04F79EFBC}") = "Cinemon.Domain", "Cinemon.Domain\Cinemon.Domain.csproj", "{F5D36358-AE4F-463B-8483-A5AE56844A2E}"
EndProject
Project("{FAE04EC0-301F-11D3-BF4B-00C04F79EFBC}") = "Cinemon.Application", "Cinemon.Application\Cinemon.Application.csproj", "{132807B5-7082-4F4A-9F48-CAAA8C4ABDDD}"
EndProject
Project("{FAE04EC0-301F-11D3-BF4B-00C04F79EFBC}") = "Cinemon.Infrastructure", "Cinemon.Infrastructure\Cinemon.Infrastructure.csproj", "{7600CA44-E552-4B52-9A62-28C7E9CCE901}"
EndProject
Project("{FAE04EC0-301F-11D3-BF4B-00C04F79EFBC}") = "Cinemon.Web", "Cinema.Web\Cinemon.Web.csproj", "{6280DC88-F0A1-4A75-A227-6D4D47D71188}"
EndProject
Project("{FAE04EC0-301F-11D3-BF4B-00C04F79EFBC}") = "Cinemon.Api", "Cinemom.Api\Cinemon.Api.csproj", "{20B4FDE6-6843-4D2E-9158-02732A8AB975}"
EndProject
Global
	GlobalSection(SolutionConfigurationPlatforms) = preSolution
		Debug|Any CPU = Debug|Any CPU
		Release|Any CPU = Release|Any CPU
	EndGlobalSection
	GlobalSection(ProjectConfigurationPlatforms) = postSolution
		{F5D36358-AE4F-463B-8483-A5AE56844A2E}.Debug|Any CPU.ActiveCfg = Debug|Any CPU
		{F5D36358-AE4F-463B-8483-A5AE56844A2E}.Debug|Any CPU.Build.0 = Debug|Any CPU
		{F5D36358-AE4F-463B-8483-A5AE56844A2E}.Release|Any CPU.ActiveCfg = Release|Any CPU
		{F5D36358-AE4F-463B-8483-A5AE56844A2E}.Release|Any CPU.Build.0 = Release|Any CPU
		{132807B5-7082-4F4A-9F48-CAAA8C4ABDDD}.Debug|Any CPU.ActiveCfg = Debug|Any CPU
		{132807B5-7082-4F4A-9F48-CAAA8C4ABDDD}.Debug|Any CPU.Build.0 = Debug|Any CPU
		{132807B5-7082-4F4A-9F48-CAAA8C4ABDDD}.Release|Any CPU.ActiveCfg = Release|Any CPU
		{132807B5-7082-4F4A-9F48-CAAA8C4ABDDD}.Release|Any CPU.Build.0 = Release|Any CPU
		{7600CA44-E552-4B52-9A62-28C7E9CCE901}.Debug|Any CPU.ActiveCfg = Debug|Any CPU
		{7600CA44-E552-4B52-9A62-28C7E9CCE901}.Debug|Any CPU.Build.0 = Debug|Any CPU
		{7600CA44-E552-4B52-9A62-28C7E9CCE901}.Release|Any CPU.ActiveCfg = Release|Any CPU
		{7600CA44-E552-4B52-9A62-28C7E9CCE901}.Release|Any CPU.Build.0 = Release|Any CPU
		{6280DC88-F0A1-4A75-A227-6D4D47D71188}.Debug|Any CPU.ActiveCfg = Debug|Any CPU
		{6280DC88-F0A1-4A75-A227-6D4D47D71188}.Debug|Any CPU.Build.0 = Debug|Any CPU
		{6280DC88-F0A1-4A75-A227-6D4D47D71188}.Release|Any CPU.ActiveCfg = Release|Any CPU
		{6280DC88-F0A1-4A75-A227-6D4D47D71188}.Release|Any CPU.Build.0 = Release|Any CPU
		{20B4FDE6-6843-4D2E-9158-02732A8AB975}.Debug|Any CPU.ActiveCfg = Debug|Any CPU
		{20B4FDE6-6843-4D2E-9158-02732A8AB975}.Debug|Any CPU.Build.0 = Debug|Any CPU
		{20B4FDE6-6843-4D2E-9158-02732A8AB975}.Release|Any CPU.ActiveCfg = Release|Any CPU
		{20B4FDE6-6843-4D2E-9158-02732A8AB975}.Release|Any CPU.Build.0 = Release|Any CPU
	EndGlobalSection
	GlobalSection(SolutionProperties) = preSolution
		HideSolutionNode = FALSE
	EndGlobalSection
	GlobalSection(ExtensibilityGlobals) = postSolution
		SolutionGuid = {BD8DC6A0-6CA7-42E3-8B7B-4A247B01E9E3}
	EndGlobalSection
EndGlobal
